
Microsoft Visual Studio Solution File, Format Version 12.00
Project("{2150E333-8FDC-42A3-9474-1A3956D46DE8}") = "src", "src", "{827E0CD3-B72D-47B6-A68D-7590B98EB39B}"
EndProject
Project("{2150E333-8FDC-42A3-9474-1A3956D46DE8}") = "Shared", "Shared", "{C8E42992-5E42-0C2B-DBFE-AA848D06431C}"
EndProject
Project("{FAE04EC0-301F-11D3-BF4B-00C04F79EFBC}") = "Lumina.Shared", "src\Shared\Lumina.Shared\Lumina.Shared.csproj", "{0521CF0D-A3C4-462E-9499-EB69A38307C8}"
EndProject
Project("{2150E333-8FDC-42A3-9474-1A3956D46DE8}") = "Services", "Services", "{984BB9B3-3FA3-BE33-9484-CAC21695A33C}"
EndProject
Project("{FAE04EC0-301F-11D3-BF4B-00C04F79EFBC}") = "Lumina.ApiGateway", "src\Services\Lumina.ApiGateway\Lumina.ApiGateway.csproj", "{4B9FDF36-E0F4-4977-A577-E5B5458D2811}"
EndProject
Project("{FAE04EC0-301F-11D3-BF4B-00C04F79EFBC}") = "Lumina.BuildService", "src\Services\Lumina.BuildService\Lumina.BuildService.csproj", "{A074D388-1DD4-4C6F-AAEB-B013662AD968}"
EndProject
Project("{FAE04EC0-301F-11D3-BF4B-00C04F79EFBC}") = "Lumina.SecurityService", "src\Services\Lumina.SecurityService\Lumina.SecurityService.csproj", "{0B570B5B-C335-414F-A819-B28908EB6ED0}"
EndProject
Project("{FAE04EC0-301F-11D3-BF4B-00C04F79EFBC}") = "Lumina.ScannerService", "src\Services\Lumina.ScannerService\Lumina.ScannerService.csproj", "{94AC76DB-6DE0-4FA3-9706-78026BC56F59}"
EndProject
Project("{FAE04EC0-301F-11D3-BF4B-00C04F79EFBC}") = "Lumina.RepositoryService", "src\Services\Lumina.RepositoryService\Lumina.RepositoryService.csproj", "{58A44159-A7B6-4D33-B704-02F78FC998CF}"
EndProject
Project("{FAE04EC0-301F-11D3-BF4B-00C04F79EFBC}") = "Lumina.SourceService", "src\Services\Lumina.SourceService\Lumina.SourceService.csproj", "{E8F3A721-9B4D-4E8A-A5C3-6F2D1E7B8A90}"
EndProject
Project("{FAE04EC0-301F-11D3-BF4B-00C04F79EFBC}") = "Lumina.Web.Shared", "src\Shared\Lumina.Web.Shared\Lumina.Web.Shared.csproj", "{79004CDC-A580-49A1-ACB0-979A550E8ABF}"
EndProject
Project("{2150E333-8FDC-42A3-9474-1A3956D46DE8}") = "tests", "tests", "{0AB3BF05-4346-4AA6-1389-037BE0695223}"
EndProject
Project("{FAE04EC0-301F-11D3-BF4B-00C04F79EFBC}") = "Lumina.Shared.Tests", "tests\Lumina.Shared.Tests\Lumina.Shared.Tests.csproj", "{DECB03BD-6DD3-43C3-82FC-6300EA8E551D}"
EndProject
Project("{FAE04EC0-301F-11D3-BF4B-00C04F79EFBC}") = "Lumina.SourceService.Tests", "tests\Lumina.SourceService.Tests\Lumina.SourceService.Tests.csproj", "{DFD5174C-B231-4E6C-9F72-681433A73F63}"
EndProject
Project("{FAE04EC0-301F-11D3-BF4B-00C04F79EFBC}") = "Lumina.BuildService.Tests", "tests\Lumina.BuildService.Tests\Lumina.BuildService.Tests.csproj", "{E960665C-C529-4115-B268-89A7A729D7A1}"
EndProject
Project("{FAE04EC0-301F-11D3-BF4B-00C04F79EFBC}") = "Lumina.ScannerService.Tests", "tests\Lumina.ScannerService.Tests\Lumina.ScannerService.Tests.csproj", "{8686317D-10D3-4F9A-9719-97CAEC049ED0}"
EndProject
Project("{FAE04EC0-301F-11D3-BF4B-00C04F79EFBC}") = "Lumina.RepositoryService.Tests", "tests\Lumina.RepositoryService.Tests\Lumina.RepositoryService.Tests.csproj", "{7D6C2B6C-1E4D-4FC5-8247-38F98B80DFA8}"
EndProject
Project("{2150E333-8FDC-42A3-9474-1A3956D46DE8}") = "Tools", "Tools", "{DCB6FCB8-FF92-AC57-0842-1F72A354D6B1}"
EndProject
Project("{FAE04EC0-301F-11D3-BF4B-00C04F79EFBC}") = "Lumina.McpServer", "src\Tools\Lumina.McpServer\Lumina.McpServer.csproj", "{62DB2DA6-B175-4E9D-96D5-FEBDE76A5F11}"
EndProject
Project("{FAE04EC0-301F-11D3-BF4B-00C04F79EFBC}") = "Lumina.McpServer.Tests", "tests\Lumina.McpServer.Tests\Lumina.McpServer.Tests.csproj", "{B2A482AD-3B7F-43DD-82AE-DEBCDD5B9133}"
EndProject
Global
	GlobalSection(SolutionConfigurationPlatforms) = preSolution
		Debug|Any CPU = Debug|Any CPU
		Debug|x64 = Debug|x64
		Debug|x86 = Debug|x86
		Release|Any CPU = Release|Any CPU
		Release|x64 = Release|x64
		Release|x86 = Release|x86
	EndGlobalSection
	GlobalSection(ProjectConfigurationPlatforms) = postSolution
		{0521CF0D-A3C4-462E-9499-EB69A38307C8}.Debug|Any CPU.ActiveCfg = Debug|Any CPU
		{0521CF0D-A3C4-462E-9499-EB69A38307C8}.Debug|Any CPU.Build.0 = Debug|Any CPU
		{0521CF0D-A3C4-462E-9499-EB69A38307C8}.Debug|x64.ActiveCfg = Debug|Any CPU
		{0521CF0D-A3C4-462E-9499-EB69A38307C8}.Debug|x64.Build.0 = Debug|Any CPU
		{0521CF0D-A3C4-462E-9499-EB69A38307C8}.Debug|x86.ActiveCfg = Debug|Any CPU
		{0521CF0D-A3C4-462E-9499-EB69A38307C8}.Debug|x86.Build.0 = Debug|Any CPU
		{0521CF0D-A3C4-462E-9499-EB69A38307C8}.Release|Any CPU.ActiveCfg = Release|Any CPU
		{0521CF0D-A3C4-462E-9499-EB69A38307C8}.Release|Any CPU.Build.0 = Release|Any CPU
		{0521CF0D-A3C4-462E-9499-EB69A38307C8}.Release|x64.ActiveCfg = Release|Any CPU
		{0521CF0D-A3C4-462E-9499-EB69A38307C8}.Release|x64.Build.0 = Release|Any CPU
		{0521CF0D-A3C4-462E-9499-EB69A38307C8}.Release|x86.ActiveCfg = Release|Any CPU
		{0521CF0D-A3C4-462E-9499-EB69A38307C8}.Release|x86.Build.0 = Release|Any CPU
		{4B9FDF36-E0F4-4977-A577-E5B5458D2811}.Debug|Any CPU.ActiveCfg = Debug|Any CPU
		{4B9FDF36-E0F4-4977-A577-E5B5458D2811}.Debug|Any CPU.Build.0 = Debug|Any CPU
		{4B9FDF36-E0F4-4977-A577-E5B5458D2811}.Debug|x64.ActiveCfg = Debug|Any CPU
		{4B9FDF36-E0F4-4977-A577-E5B5458D2811}.Debug|x64.Build.0 = Debug|Any CPU
		{4B9FDF36-E0F4-4977-A577-E5B5458D2811}.Debug|x86.ActiveCfg = Debug|Any CPU
		{4B9FDF36-E0F4-4977-A577-E5B5458D2811}.Debug|x86.Build.0 = Debug|Any CPU
		{4B9FDF36-E0F4-4977-A577-E5B5458D2811}.Release|Any CPU.ActiveCfg = Release|Any CPU
		{4B9FDF36-E0F4-4977-A577-E5B5458D2811}.Release|Any CPU.Build.0 = Release|Any CPU
		{4B9FDF36-E0F4-4977-A577-E5B5458D2811}.Release|x64.ActiveCfg = Release|Any CPU
		{4B9FDF36-E0F4-4977-A577-E5B5458D2811}.Release|x64.Build.0 = Release|Any CPU
		{4B9FDF36-E0F4-4977-A577-E5B5458D2811}.Release|x86.ActiveCfg = Release|Any CPU
		{4B9FDF36-E0F4-4977-A577-E5B5458D2811}.Release|x86.Build.0 = Release|Any CPU
		{A074D388-1DD4-4C6F-AAEB-B013662AD968}.Debug|Any CPU.ActiveCfg = Debug|Any CPU
		{A074D388-1DD4-4C6F-AAEB-B013662AD968}.Debug|Any CPU.Build.0 = Debug|Any CPU
		{A074D388-1DD4-4C6F-AAEB-B013662AD968}.Debug|x64.ActiveCfg = Debug|Any CPU
		{A074D388-1DD4-4C6F-AAEB-B013662AD968}.Debug|x64.Build.0 = Debug|Any CPU
		{A074D388-1DD4-4C6F-AAEB-B013662AD968}.Debug|x86.ActiveCfg = Debug|Any CPU
		{A074D388-1DD4-4C6F-AAEB-B013662AD968}.Debug|x86.Build.0 = Debug|Any CPU
		{A074D388-1DD4-4C6F-AAEB-B013662AD968}.Release|Any CPU.ActiveCfg = Release|Any CPU
		{A074D388-1DD4-4C6F-AAEB-B013662AD968}.Release|Any CPU.Build.0 = Release|Any CPU
		{A074D388-1DD4-4C6F-AAEB-B013662AD968}.Release|x64.ActiveCfg = Release|Any CPU
		{A074D388-1DD4-4C6F-AAEB-B013662AD968}.Release|x64.Build.0 = Release|Any CPU
		{A074D388-1DD4-4C6F-AAEB-B013662AD968}.Release|x86.ActiveCfg = Release|Any CPU
		{A074D388-1DD4-4C6F-AAEB-B013662AD968}.Release|x86.Build.0 = Release|Any CPU
		{0B570B5B-C335-414F-A819-B28908EB6ED0}.Debug|Any CPU.ActiveCfg = Debug|Any CPU
		{0B570B5B-C335-414F-A819-B28908EB6ED0}.Debug|Any CPU.Build.0 = Debug|Any CPU
		{0B570B5B-C335-414F-A819-B28908EB6ED0}.Debug|x64.ActiveCfg = Debug|Any CPU
		{0B570B5B-C335-414F-A819-B28908EB6ED0}.Debug|x64.Build.0 = Debug|Any CPU
		{0B570B5B-C335-414F-A819-B28908EB6ED0}.Debug|x86.ActiveCfg = Debug|Any CPU
		{0B570B5B-C335-414F-A819-B28908EB6ED0}.Debug|x86.Build.0 = Debug|Any CPU
		{0B570B5B-C335-414F-A819-B28908EB6ED0}.Release|Any CPU.ActiveCfg = Release|Any CPU
		{0B570B5B-C335-414F-A819-B28908EB6ED0}.Release|Any CPU.Build.0 = Release|Any CPU
		{0B570B5B-C335-414F-A819-B28908EB6ED0}.Release|x64.ActiveCfg = Release|Any CPU
		{0B570B5B-C335-414F-A819-B28908EB6ED0}.Release|x64.Build.0 = Release|Any CPU
		{0B570B5B-C335-414F-A819-B28908EB6ED0}.Release|x86.ActiveCfg = Release|Any CPU
		{0B570B5B-C335-414F-A819-B28908EB6ED0}.Release|x86.Build.0 = Release|Any CPU
		{94AC76DB-6DE0-4FA3-9706-78026BC56F59}.Debug|Any CPU.ActiveCfg = Debug|Any CPU
		{94AC76DB-6DE0-4FA3-9706-78026BC56F59}.Debug|Any CPU.Build.0 = Debug|Any CPU
		{94AC76DB-6DE0-4FA3-9706-78026BC56F59}.Debug|x64.ActiveCfg = Debug|Any CPU
		{94AC76DB-6DE0-4FA3-9706-78026BC56F59}.Debug|x64.Build.0 = Debug|Any CPU
		{94AC76DB-6DE0-4FA3-9706-78026BC56F59}.Debug|x86.ActiveCfg = Debug|Any CPU
		{94AC76DB-6DE0-4FA3-9706-78026BC56F59}.Debug|x86.Build.0 = Debug|Any CPU
		{94AC76DB-6DE0-4FA3-9706-78026BC56F59}.Release|Any CPU.ActiveCfg = Release|Any CPU
		{94AC76DB-6DE0-4FA3-9706-78026BC56F59}.Release|Any CPU.Build.0 = Release|Any CPU
		{94AC76DB-6DE0-4FA3-9706-78026BC56F59}.Release|x64.ActiveCfg = Release|Any CPU
		{94AC76DB-6DE0-4FA3-9706-78026BC56F59}.Release|x64.Build.0 = Release|Any CPU
		{94AC76DB-6DE0-4FA3-9706-78026BC56F59}.Release|x86.ActiveCfg = Release|Any CPU
		{94AC76DB-6DE0-4FA3-9706-78026BC56F59}.Release|x86.Build.0 = Release|Any CPU
		{58A44159-A7B6-4D33-B704-02F78FC998CF}.Debug|Any CPU.ActiveCfg = Debug|Any CPU
		{58A44159-A7B6-4D33-B704-02F78FC998CF}.Debug|Any CPU.Build.0 = Debug|Any CPU
		{58A44159-A7B6-4D33-B704-02F78FC998CF}.Debug|x64.ActiveCfg = Debug|Any CPU
		{58A44159-A7B6-4D33-B704-02F78FC998CF}.Debug|x64.Build.0 = Debug|Any CPU
		{58A44159-A7B6-4D33-B704-02F78FC998CF}.Debug|x86.ActiveCfg = Debug|Any CPU
		{58A44159-A7B6-4D33-B704-02F78FC998CF}.Debug|x86.Build.0 = Debug|Any CPU
		{58A44159-A7B6-4D33-B704-02F78FC998CF}.Release|Any CPU.ActiveCfg = Release|Any CPU
		{58A44159-A7B6-4D33-B704-02F78FC998CF}.Release|Any CPU.Build.0 = Release|Any CPU
		{58A44159-A7B6-4D33-B704-02F78FC998CF}.Release|x64.ActiveCfg = Release|Any CPU
		{58A44159-A7B6-4D33-B704-02F78FC998CF}.Release|x64.Build.0 = Release|Any CPU
		{58A44159-A7B6-4D33-B704-02F78FC998CF}.Release|x86.ActiveCfg = Release|Any CPU
		{58A44159-A7B6-4D33-B704-02F78FC998CF}.Release|x86.Build.0 = Release|Any CPU
		{E8F3A721-9B4D-4E8A-A5C3-6F2D1E7B8A90}.Debug|Any CPU.ActiveCfg = Debug|Any CPU
		{E8F3A721-9B4D-4E8A-A5C3-6F2D1E7B8A90}.Debug|Any CPU.Build.0 = Debug|Any CPU
		{E8F3A721-9B4D-4E8A-A5C3-6F2D1E7B8A90}.Debug|x64.ActiveCfg = Debug|Any CPU
		{E8F3A721-9B4D-4E8A-A5C3-6F2D1E7B8A90}.Debug|x64.Build.0 = Debug|Any CPU
		{E8F3A721-9B4D-4E8A-A5C3-6F2D1E7B8A90}.Debug|x86.ActiveCfg = Debug|Any CPU
		{E8F3A721-9B4D-4E8A-A5C3-6F2D1E7B8A90}.Debug|x86.Build.0 = Debug|Any CPU
		{E8F3A721-9B4D-4E8A-A5C3-6F2D1E7B8A90}.Release|Any CPU.ActiveCfg = Release|Any CPU
		{E8F3A721-9B4D-4E8A-A5C3-6F2D1E7B8A90}.Release|Any CPU.Build.0 = Release|Any CPU
		{E8F3A721-9B4D-4E8A-A5C3-6F2D1E7B8A90}.Release|x64.ActiveCfg = Release|Any CPU
		{E8F3A721-9B4D-4E8A-A5C3-6F2D1E7B8A90}.Release|x64.Build.0 = Release|Any CPU
		{E8F3A721-9B4D-4E8A-A5C3-6F2D1E7B8A90}.Release|x86.ActiveCfg = Release|Any CPU
		{E8F3A721-9B4D-4E8A-A5C3-6F2D1E7B8A90}.Release|x86.Build.0 = Release|Any CPU
		{79004CDC-A580-49A1-ACB0-979A550E8ABF}.Debug|Any CPU.ActiveCfg = Debug|Any CPU
		{79004CDC-A580-49A1-ACB0-979A550E8ABF}.Debug|Any CPU.Build.0 = Debug|Any CPU
		{79004CDC-A580-49A1-ACB0-979A550E8ABF}.Debug|x64.ActiveCfg = Debug|Any CPU
		{79004CDC-A580-49A1-ACB0-979A550E8ABF}.Debug|x64.Build.0 = Debug|Any CPU
		{79004CDC-A580-49A1-ACB0-979A550E8ABF}.Debug|x86.ActiveCfg = Debug|Any CPU
		{79004CDC-A580-49A1-ACB0-979A550E8ABF}.Debug|x86.Build.0 = Debug|Any CPU
		{79004CDC-A580-49A1-ACB0-979A550E8ABF}.Release|Any CPU.ActiveCfg = Release|Any CPU
		{79004CDC-A580-49A1-ACB0-979A550E8ABF}.Release|Any CPU.Build.0 = Release|Any CPU
		{79004CDC-A580-49A1-ACB0-979A550E8ABF}.Release|x64.ActiveCfg = Release|Any CPU
		{79004CDC-A580-49A1-ACB0-979A550E8ABF}.Release|x64.Build.0 = Release|Any CPU
		{79004CDC-A580-49A1-ACB0-979A550E8ABF}.Release|x86.ActiveCfg = Release|Any CPU
		{79004CDC-A580-49A1-ACB0-979A550E8ABF}.Release|x86.Build.0 = Release|Any CPU
		{DECB03BD-6DD3-43C3-82FC-6300EA8E551D}.Debug|Any CPU.ActiveCfg = Debug|Any CPU
		{DECB03BD-6DD3-43C3-82FC-6300EA8E551D}.Debug|Any CPU.Build.0 = Debug|Any CPU
		{DECB03BD-6DD3-43C3-82FC-6300EA8E551D}.Debug|x64.ActiveCfg = Debug|Any CPU
		{DECB03BD-6DD3-43C3-82FC-6300EA8E551D}.Debug|x64.Build.0 = Debug|Any CPU
		{DECB03BD-6DD3-43C3-82FC-6300EA8E551D}.Debug|x86.ActiveCfg = Debug|Any CPU
		{DECB03BD-6DD3-43C3-82FC-6300EA8E551D}.Debug|x86.Build.0 = Debug|Any CPU
		{DECB03BD-6DD3-43C3-82FC-6300EA8E551D}.Release|Any CPU.ActiveCfg = Release|Any CPU
		{DECB03BD-6DD3-43C3-82FC-6300EA8E551D}.Release|Any CPU.Build.0 = Release|Any CPU
		{DECB03BD-6DD3-43C3-82FC-6300EA8E551D}.Release|x64.ActiveCfg = Release|Any CPU
		{DECB03BD-6DD3-43C3-82FC-6300EA8E551D}.Release|x64.Build.0 = Release|Any CPU
		{DECB03BD-6DD3-43C3-82FC-6300EA8E551D}.Release|x86.ActiveCfg = Release|Any CPU
		{DECB03BD-6DD3-43C3-82FC-6300EA8E551D}.Release|x86.Build.0 = Release|Any CPU
		{DFD5174C-B231-4E6C-9F72-681433A73F63}.Debug|Any CPU.ActiveCfg = Debug|Any CPU
		{DFD5174C-B231-4E6C-9F72-681433A73F63}.Debug|Any CPU.Build.0 = Debug|Any CPU
		{DFD5174C-B231-4E6C-9F72-681433A73F63}.Debug|x64.ActiveCfg = Debug|Any CPU
		{DFD5174C-B231-4E6C-9F72-681433A73F63}.Debug|x64.Build.0 = Debug|Any CPU
		{DFD5174C-B231-4E6C-9F72-681433A73F63}.Debug|x86.ActiveCfg = Debug|Any CPU
		{DFD5174C-B231-4E6C-9F72-681433A73F63}.Debug|x86.Build.0 = Debug|Any CPU
		{DFD5174C-B231-4E6C-9F72-681433A73F63}.Release|Any CPU.ActiveCfg = Release|Any CPU
		{DFD5174C-B231-4E6C-9F72-681433A73F63}.Release|Any CPU.Build.0 = Release|Any CPU
		{DFD5174C-B231-4E6C-9F72-681433A73F63}.Release|x64.ActiveCfg = Release|Any CPU
		{DFD5174C-B231-4E6C-9F72-681433A73F63}.Release|x64.Build.0 = Release|Any CPU
		{DFD5174C-B231-4E6C-9F72-681433A73F63}.Release|x86.ActiveCfg = Release|Any CPU
		{DFD5174C-B231-4E6C-9F72-681433A73F63}.Release|x86.Build.0 = Release|Any CPU
		{E960665C-C529-4115-B268-89A7A729D7A1}.Debug|Any CPU.ActiveCfg = Debug|Any CPU
		{E960665C-C529-4115-B268-89A7A729D7A1}.Debug|Any CPU.Build.0 = Debug|Any CPU
		{E960665C-C529-4115-B268-89A7A729D7A1}.Debug|x64.ActiveCfg = Debug|Any CPU
		{E960665C-C529-4115-B268-89A7A729D7A1}.Debug|x64.Build.0 = Debug|Any CPU
		{E960665C-C529-4115-B268-89A7A729D7A1}.Debug|x86.ActiveCfg = Debug|Any CPU
		{E960665C-C529-4115-B268-89A7A729D7A1}.Debug|x86.Build.0 = Debug|Any CPU
		{E960665C-C529-4115-B268-89A7A729D7A1}.Release|Any CPU.ActiveCfg = Release|Any CPU
		{E960665C-C529-4115-B268-89A7A729D7A1}.Release|Any CPU.Build.0 = Release|Any CPU
		{E960665C-C529-4115-B268-89A7A729D7A1}.Release|x64.ActiveCfg = Release|Any CPU
		{E960665C-C529-4115-B268-89A7A729D7A1}.Release|x64.Build.0 = Release|Any CPU
		{E960665C-C529-4115-B268-89A7A729D7A1}.Release|x86.ActiveCfg = Release|Any CPU
		{E960665C-C529-4115-B268-89A7A729D7A1}.Release|x86.Build.0 = Release|Any CPU
		{8686317D-10D3-4F9A-9719-97CAEC049ED0}.Debug|Any CPU.ActiveCfg = Debug|Any CPU
		{8686317D-10D3-4F9A-9719-97CAEC049ED0}.Debug|Any CPU.Build.0 = Debug|Any CPU
		{8686317D-10D3-4F9A-9719-97CAEC049ED0}.Debug|x64.ActiveCfg = Debug|Any CPU
		{8686317D-10D3-4F9A-9719-97CAEC049ED0}.Debug|x64.Build.0 = Debug|Any CPU
		{8686317D-10D3-4F9A-9719-97CAEC049ED0}.Debug|x86.ActiveCfg = Debug|Any CPU
		{8686317D-10D3-4F9A-9719-97CAEC049ED0}.Debug|x86.Build.0 = Debug|Any CPU
		{8686317D-10D3-4F9A-9719-97CAEC049ED0}.Release|Any CPU.ActiveCfg = Release|Any CPU
		{8686317D-10D3-4F9A-9719-97CAEC049ED0}.Release|Any CPU.Build.0 = Release|Any CPU
		{8686317D-10D3-4F9A-9719-97CAEC049ED0}.Release|x64.ActiveCfg = Release|Any CPU
		{8686317D-10D3-4F9A-9719-97CAEC049ED0}.Release|x64.Build.0 = Release|Any CPU
		{8686317D-10D3-4F9A-9719-97CAEC049ED0}.Release|x86.ActiveCfg = Release|Any CPU
		{8686317D-10D3-4F9A-9719-97CAEC049ED0}.Release|x86.Build.0 = Release|Any CPU
		{7D6C2B6C-1E4D-4FC5-8247-38F98B80DFA8}.Debug|Any CPU.ActiveCfg = Debug|Any CPU
		{7D6C2B6C-1E4D-4FC5-8247-38F98B80DFA8}.Debug|Any CPU.Build.0 = Debug|Any CPU
		{7D6C2B6C-1E4D-4FC5-8247-38F98B80DFA8}.Debug|x64.ActiveCfg = Debug|Any CPU
		{7D6C2B6C-1E4D-4FC5-8247-38F98B80DFA8}.Debug|x64.Build.0 = Debug|Any CPU
		{7D6C2B6C-1E4D-4FC5-8247-38F98B80DFA8}.Debug|x86.ActiveCfg = Debug|Any CPU
		{7D6C2B6C-1E4D-4FC5-8247-38F98B80DFA8}.Debug|x86.Build.0 = Debug|Any CPU
		{7D6C2B6C-1E4D-4FC5-8247-38F98B80DFA8}.Release|Any CPU.ActiveCfg = Release|Any CPU
		{7D6C2B6C-1E4D-4FC5-8247-38F98B80DFA8}.Release|Any CPU.Build.0 = Release|Any CPU
		{7D6C2B6C-1E4D-4FC5-8247-38F98B80DFA8}.Release|x64.ActiveCfg = Release|Any CPU
		{7D6C2B6C-1E4D-4FC5-8247-38F98B80DFA8}.Release|x64.Build.0 = Release|Any CPU
		{7D6C2B6C-1E4D-4FC5-8247-38F98B80DFA8}.Release|x86.ActiveCfg = Release|Any CPU
		{7D6C2B6C-1E4D-4FC5-8247-38F98B80DFA8}.Release|x86.Build.0 = Release|Any CPU
		{62DB2DA6-B175-4E9D-96D5-FEBDE76A5F11}.Debug|Any CPU.ActiveCfg = Debug|Any CPU
		{62DB2DA6-B175-4E9D-96D5-FEBDE76A5F11}.Debug|Any CPU.Build.0 = Debug|Any CPU
		{62DB2DA6-B175-4E9D-96D5-FEBDE76A5F11}.Debug|x64.ActiveCfg = Debug|Any CPU
		{62DB2DA6-B175-4E9D-96D5-FEBDE76A5F11}.Debug|x64.Build.0 = Debug|Any CPU
		{62DB2DA6-B175-4E9D-96D5-FEBDE76A5F11}.Debug|x86.ActiveCfg = Debug|Any CPU
		{62DB2DA6-B175-4E9D-96D5-FEBDE76A5F11}.Debug|x86.Build.0 = Debug|Any CPU
		{62DB2DA6-B175-4E9D-96D5-FEBDE76A5F11}.Release|Any CPU.ActiveCfg = Release|Any CPU
		{62DB2DA6-B175-4E9D-96D5-FEBDE76A5F11}.Release|Any CPU.Build.0 = Release|Any CPU
		{62DB2DA6-B175-4E9D-96D5-FEBDE76A5F11}.Release|x64.ActiveCfg = Release|Any CPU
		{62DB2DA6-B175-4E9D-96D5-FEBDE76A5F11}.Release|x64.Build.0 = Release|Any CPU
		{62DB2DA6-B175-4E9D-96D5-FEBDE76A5F11}.Release|x86.ActiveCfg = Release|Any CPU
		{62DB2DA6-B175-4E9D-96D5-FEBDE76A5F11}.Release|x86.Build.0 = Release|Any CPU
		{B2A482AD-3B7F-43DD-82AE-DEBCDD5B9133}.Debug|Any CPU.ActiveCfg = Debug|Any CPU
		{B2A482AD-3B7F-43DD-82AE-DEBCDD5B9133}.Debug|Any CPU.Build.0 = Debug|Any CPU
		{B2A482AD-3B7F-43DD-82AE-DEBCDD5B9133}.Debug|x64.ActiveCfg = Debug|Any CPU
		{B2A482AD-3B7F-43DD-82AE-DEBCDD5B9133}.Debug|x64.Build.0 = Debug|Any CPU
		{B2A482AD-3B7F-43DD-82AE-DEBCDD5B9133}.Debug|x86.ActiveCfg = Debug|Any CPU
		{B2A482AD-3B7F-43DD-82AE-DEBCDD5B9133}.Debug|x86.Build.0 = Debug|Any CPU
		{B2A482AD-3B7F-43DD-82AE-DEBCDD5B9133}.Release|Any CPU.ActiveCfg = Release|Any CPU
		{B2A482AD-3B7F-43DD-82AE-DEBCDD5B9133}.Release|Any CPU.Build.0 = Release|Any CPU
		{B2A482AD-3B7F-43DD-82AE-DEBCDD5B9133}.Release|x64.ActiveCfg = Release|Any CPU
		{B2A482AD-3B7F-43DD-82AE-DEBCDD5B9133}.Release|x64.Build.0 = Release|Any CPU
		{B2A482AD-3B7F-43DD-82AE-DEBCDD5B9133}.Release|x86.ActiveCfg = Release|Any CPU
		{B2A482AD-3B7F-43DD-82AE-DEBCDD5B9133}.Release|x86.Build.0 = Release|Any CPU
	EndGlobalSection
	GlobalSection(SolutionProperties) = preSolution
		HideSolutionNode = FALSE
	EndGlobalSection
	GlobalSection(NestedProjects) = preSolution
		{C8E42992-5E42-0C2B-DBFE-AA848D06431C} = {827E0CD3-B72D-47B6-A68D-7590B98EB39B}
		{0521CF0D-A3C4-462E-9499-EB69A38307C8} = {C8E42992-5E42-0C2B-DBFE-AA848D06431C}
		{984BB9B3-3FA3-BE33-9484-CAC21695A33C} = {827E0CD3-B72D-47B6-A68D-7590B98EB39B}
		{4B9FDF36-E0F4-4977-A577-E5B5458D2811} = {984BB9B3-3FA3-BE33-9484-CAC21695A33C}
		{A074D388-1DD4-4C6F-AAEB-B013662AD968} = {984BB9B3-3FA3-BE33-9484-CAC21695A33C}
		{0B570B5B-C335-414F-A819-B28908EB6ED0} = {984BB9B3-3FA3-BE33-9484-CAC21695A33C}
		{94AC76DB-6DE0-4FA3-9706-78026BC56F59} = {984BB9B3-3FA3-BE33-9484-CAC21695A33C}
		{58A44159-A7B6-4D33-B704-02F78FC998CF} = {984BB9B3-3FA3-BE33-9484-CAC21695A33C}
		{E8F3A721-9B4D-4E8A-A5C3-6F2D1E7B8A90} = {984BB9B3-3FA3-BE33-9484-CAC21695A33C}
		{79004CDC-A580-49A1-ACB0-979A550E8ABF} = {C8E42992-5E42-0C2B-DBFE-AA848D06431C}
		{DECB03BD-6DD3-43C3-82FC-6300EA8E551D} = {0AB3BF05-4346-4AA6-1389-037BE0695223}
		{DFD5174C-B231-4E6C-9F72-681433A73F63} = {0AB3BF05-4346-4AA6-1389-037BE0695223}
		{E960665C-C529-4115-B268-89A7A729D7A1} = {0AB3BF05-4346-4AA6-1389-037BE0695223}
		{8686317D-10D3-4F9A-9719-97CAEC049ED0} = {0AB3BF05-4346-4AA6-1389-037BE0695223}
		{7D6C2B6C-1E4D-4FC5-8247-38F98B80DFA8} = {0AB3BF05-4346-4AA6-1389-037BE0695223}
		{DCB6FCB8-FF92-AC57-0842-1F72A354D6B1} = {827E0CD3-B72D-47B6-A68D-7590B98EB39B}
		{62DB2DA6-B175-4E9D-96D5-FEBDE76A5F11} = {DCB6FCB8-FF92-AC57-0842-1F72A354D6B1}
		{B2A482AD-3B7F-43DD-82AE-DEBCDD5B9133} = {0AB3BF05-4346-4AA6-1389-037BE0695223}
	EndGlobalSection
EndGlobal
