
Microsoft Visual Studio Solution File, Format Version 12.00
Project("{2150E333-8FDC-42A3-9474-1A3956D46DE8}") = "src", "src", "{827E0CD3-B72D-47B6-A68D-7590B98EB39B}"
EndProject
Project("{2150E333-8FDC-42A3-9474-1A3956D46DE8}") = "Shared", "Shared", "{C8E42992-5E42-0C2B-DBFE-AA848D06431C}"
EndProject
Project("{FAE04EC0-301F-11D3-BF4B-00C04F79EFBC}") = "Lumina.Shared", "src\Shared\Lumina.Shared\Lumina.Shared.csproj", "{0521CF0D-A3C4-462E-9499-EB69A38307C8}"
EndProject
Project("{2150E333-8FDC-42A3-9474-1A3956D46DE8}") = "Services", "Services", "{984BB9B3-3FA3-BE33-9484-CAC21695A33C}"
EndProject
Project("{FAE04EC0-301F-11D3-BF4B-00C04F79EFBC}") = "Lumina.ApiGateway", "src\Services\Lumina.ApiGateway\Lumina.ApiGateway.csproj", "{4B9FDF36-E0F4-4977-A577-E5B5458D2811}"
EndProject
Project("{FAE04EC0-301F-11D3-BF4B-00C04F79EFBC}") = "Lumina.BuildService", "src\Services\Lumina.BuildService\Lumina.BuildService.csproj", "{A074D388-1DD4-4C6F-AAEB-B013662AD968}"
EndProject
Project("{FAE04EC0-301F-11D3-BF4B-00C04F79EFBC}") = "Lumina.SecurityService", "src\Services\Lumina.SecurityService\Lumina.SecurityService.csproj", "{0B570B5B-C335-414F-A819-B28908EB6ED0}"
EndProject
Project("{FAE04EC0-301F-11D3-BF4B-00C04F79EFBC}") = "Lumina.ScannerService", "src\Services\Lumina.ScannerService\Lumina.ScannerService.csproj", "{94AC76DB-6DE0-4FA3-9706-78026BC56F59}"
EndProject
Project("{FAE04EC0-301F-11D3-BF4B-00C04F79EFBC}") = "Lumina.RepositoryService", "src\Services\Lumina.RepositoryService\Lumina.RepositoryService.csproj", "{58A44159-A7B6-4D33-B704-02F78FC998CF}"
EndProject
Project("{FAE04EC0-301F-11D3-BF4B-00C04F79EFBC}") = "Lumina.WebApp", "src\Services\Lumina.WebApp\Lumina.WebApp.csproj", "{2BBAEFD2-28D3-41D5-95BE-2462C5129B7B}"
EndProject
Project("{FAE04EC0-301F-11D3-BF4B-00C04F79EFBC}") = "Lumina.SourceService", "src\Services\Lumina.SourceService\Lumina.SourceService.csproj", "{E8F3A721-9B4D-4E8A-A5C3-6F2D1E7B8A90}"
EndProject
Global
	GlobalSection(SolutionConfigurationPlatforms) = preSolution
		Debug|Any CPU = Debug|Any CPU
		Debug|x64 = Debug|x64
		Debug|x86 = Debug|x86
		Release|Any CPU = Release|Any CPU
		Release|x64 = Release|x64
		Release|x86 = Release|x86
	EndGlobalSection
	GlobalSection(ProjectConfigurationPlatforms) = postSolution
		{0521CF0D-A3C4-462E-9499-EB69A38307C8}.Debug|Any CPU.ActiveCfg = Debug|Any CPU
		{0521CF0D-A3C4-462E-9499-EB69A38307C8}.Debug|Any CPU.Build.0 = Debug|Any CPU
		{0521CF0D-A3C4-462E-9499-EB69A38307C8}.Debug|x64.ActiveCfg = Debug|Any CPU
		{0521CF0D-A3C4-462E-9499-EB69A38307C8}.Debug|x64.Build.0 = Debug|Any CPU
		{0521CF0D-A3C4-462E-9499-EB69A38307C8}.Debug|x86.ActiveCfg = Debug|Any CPU
		{0521CF0D-A3C4-462E-9499-EB69A38307C8}.Debug|x86.Build.0 = Debug|Any CPU
		{0521CF0D-A3C4-462E-9499-EB69A38307C8}.Release|Any CPU.ActiveCfg = Release|Any CPU
		{0521CF0D-A3C4-462E-9499-EB69A38307C8}.Release|Any CPU.Build.0 = Release|Any CPU
		{0521CF0D-A3C4-462E-9499-EB69A38307C8}.Release|x64.ActiveCfg = Release|Any CPU
		{0521CF0D-A3C4-462E-9499-EB69A38307C8}.Release|x64.Build.0 = Release|Any CPU
		{0521CF0D-A3C4-462E-9499-EB69A38307C8}.Release|x86.ActiveCfg = Release|Any CPU
		{0521CF0D-A3C4-462E-9499-EB69A38307C8}.Release|x86.Build.0 = Release|Any CPU
		{4B9FDF36-E0F4-4977-A577-E5B5458D2811}.Debug|Any CPU.ActiveCfg = Debug|Any CPU
		{4B9FDF36-E0F4-4977-A577-E5B5458D2811}.Debug|Any CPU.Build.0 = Debug|Any CPU
		{4B9FDF36-E0F4-4977-A577-E5B5458D2811}.Debug|x64.ActiveCfg = Debug|Any CPU
		{4B9FDF36-E0F4-4977-A577-E5B5458D2811}.Debug|x64.Build.0 = Debug|Any CPU
		{4B9FDF36-E0F4-4977-A577-E5B5458D2811}.Debug|x86.ActiveCfg = Debug|Any CPU
		{4B9FDF36-E0F4-4977-A577-E5B5458D2811}.Debug|x86.Build.0 = Debug|Any CPU
		{4B9FDF36-E0F4-4977-A577-E5B5458D2811}.Release|Any CPU.ActiveCfg = Release|Any CPU
		{4B9FDF36-E0F4-4977-A577-E5B5458D2811}.Release|Any CPU.Build.0 = Release|Any CPU
		{4B9FDF36-E0F4-4977-A577-E5B5458D2811}.Release|x64.ActiveCfg = Release|Any CPU
		{4B9FDF36-E0F4-4977-A577-E5B5458D2811}.Release|x64.Build.0 = Release|Any CPU
		{4B9FDF36-E0F4-4977-A577-E5B5458D2811}.Release|x86.ActiveCfg = Release|Any CPU
		{4B9FDF36-E0F4-4977-A577-E5B5458D2811}.Release|x86.Build.0 = Release|Any CPU
		{A074D388-1DD4-4C6F-AAEB-B013662AD968}.Debug|Any CPU.ActiveCfg = Debug|Any CPU
		{A074D388-1DD4-4C6F-AAEB-B013662AD968}.Debug|Any CPU.Build.0 = Debug|Any CPU
		{A074D388-1DD4-4C6F-AAEB-B013662AD968}.Debug|x64.ActiveCfg = Debug|Any CPU
		{A074D388-1DD4-4C6F-AAEB-B013662AD968}.Debug|x64.Build.0 = Debug|Any CPU
		{A074D388-1DD4-4C6F-AAEB-B013662AD968}.Debug|x86.ActiveCfg = Debug|Any CPU
		{A074D388-1DD4-4C6F-AAEB-B013662AD968}.Debug|x86.Build.0 = Debug|Any CPU
		{A074D388-1DD4-4C6F-AAEB-B013662AD968}.Release|Any CPU.ActiveCfg = Release|Any CPU
		{A074D388-1DD4-4C6F-AAEB-B013662AD968}.Release|Any CPU.Build.0 = Release|Any CPU
		{A074D388-1DD4-4C6F-AAEB-B013662AD968}.Release|x64.ActiveCfg = Release|Any CPU
		{A074D388-1DD4-4C6F-AAEB-B013662AD968}.Release|x64.Build.0 = Release|Any CPU
		{A074D388-1DD4-4C6F-AAEB-B013662AD968}.Release|x86.ActiveCfg = Release|Any CPU
		{A074D388-1DD4-4C6F-AAEB-B013662AD968}.Release|x86.Build.0 = Release|Any CPU
		{0B570B5B-C335-414F-A819-B28908EB6ED0}.Debug|Any CPU.ActiveCfg = Debug|Any CPU
		{0B570B5B-C335-414F-A819-B28908EB6ED0}.Debug|Any CPU.Build.0 = Debug|Any CPU
		{0B570B5B-C335-414F-A819-B28908EB6ED0}.Debug|x64.ActiveCfg = Debug|Any CPU
		{0B570B5B-C335-414F-A819-B28908EB6ED0}.Debug|x64.Build.0 = Debug|Any CPU
		{0B570B5B-C335-414F-A819-B28908EB6ED0}.Debug|x86.ActiveCfg = Debug|Any CPU
		{0B570B5B-C335-414F-A819-B28908EB6ED0}.Debug|x86.Build.0 = Debug|Any CPU
		{0B570B5B-C335-414F-A819-B28908EB6ED0}.Release|Any CPU.ActiveCfg = Release|Any CPU
		{0B570B5B-C335-414F-A819-B28908EB6ED0}.Release|Any CPU.Build.0 = Release|Any CPU
		{0B570B5B-C335-414F-A819-B28908EB6ED0}.Release|x64.ActiveCfg = Release|Any CPU
		{0B570B5B-C335-414F-A819-B28908EB6ED0}.Release|x64.Build.0 = Release|Any CPU
		{0B570B5B-C335-414F-A819-B28908EB6ED0}.Release|x86.ActiveCfg = Release|Any CPU
		{0B570B5B-C335-414F-A819-B28908EB6ED0}.Release|x86.Build.0 = Release|Any CPU
		{94AC76DB-6DE0-4FA3-9706-78026BC56F59}.Debug|Any CPU.ActiveCfg = Debug|Any CPU
		{94AC76DB-6DE0-4FA3-9706-78026BC56F59}.Debug|Any CPU.Build.0 = Debug|Any CPU
		{94AC76DB-6DE0-4FA3-9706-78026BC56F59}.Debug|x64.ActiveCfg = Debug|Any CPU
		{94AC76DB-6DE0-4FA3-9706-78026BC56F59}.Debug|x64.Build.0 = Debug|Any CPU
		{94AC76DB-6DE0-4FA3-9706-78026BC56F59}.Debug|x86.ActiveCfg = Debug|Any CPU
		{94AC76DB-6DE0-4FA3-9706-78026BC56F59}.Debug|x86.Build.0 = Debug|Any CPU
		{94AC76DB-6DE0-4FA3-9706-78026BC56F59}.Release|Any CPU.ActiveCfg = Release|Any CPU
		{94AC76DB-6DE0-4FA3-9706-78026BC56F59}.Release|Any CPU.Build.0 = Release|Any CPU
		{94AC76DB-6DE0-4FA3-9706-78026BC56F59}.Release|x64.ActiveCfg = Release|Any CPU
		{94AC76DB-6DE0-4FA3-9706-78026BC56F59}.Release|x64.Build.0 = Release|Any CPU
		{94AC76DB-6DE0-4FA3-9706-78026BC56F59}.Release|x86.ActiveCfg = Release|Any CPU
		{94AC76DB-6DE0-4FA3-9706-78026BC56F59}.Release|x86.Build.0 = Release|Any CPU
		{58A44159-A7B6-4D33-B704-02F78FC998CF}.Debug|Any CPU.ActiveCfg = Debug|Any CPU
		{58A44159-A7B6-4D33-B704-02F78FC998CF}.Debug|Any CPU.Build.0 = Debug|Any CPU
		{58A44159-A7B6-4D33-B704-02F78FC998CF}.Debug|x64.ActiveCfg = Debug|Any CPU
		{58A44159-A7B6-4D33-B704-02F78FC998CF}.Debug|x64.Build.0 = Debug|Any CPU
		{58A44159-A7B6-4D33-B704-02F78FC998CF}.Debug|x86.ActiveCfg = Debug|Any CPU
		{58A44159-A7B6-4D33-B704-02F78FC998CF}.Debug|x86.Build.0 = Debug|Any CPU
		{58A44159-A7B6-4D33-B704-02F78FC998CF}.Release|Any CPU.ActiveCfg = Release|Any CPU
		{58A44159-A7B6-4D33-B704-02F78FC998CF}.Release|Any CPU.Build.0 = Release|Any CPU
		{58A44159-A7B6-4D33-B704-02F78FC998CF}.Release|x64.ActiveCfg = Release|Any CPU
		{58A44159-A7B6-4D33-B704-02F78FC998CF}.Release|x64.Build.0 = Release|Any CPU
		{58A44159-A7B6-4D33-B704-02F78FC998CF}.Release|x86.ActiveCfg = Release|Any CPU
		{58A44159-A7B6-4D33-B704-02F78FC998CF}.Release|x86.Build.0 = Release|Any CPU
		{2BBAEFD2-28D3-41D5-95BE-2462C5129B7B}.Debug|Any CPU.ActiveCfg = Debug|Any CPU
		{2BBAEFD2-28D3-41D5-95BE-2462C5129B7B}.Debug|Any CPU.Build.0 = Debug|Any CPU
		{2BBAEFD2-28D3-41D5-95BE-2462C5129B7B}.Debug|x64.ActiveCfg = Debug|Any CPU
		{2BBAEFD2-28D3-41D5-95BE-2462C5129B7B}.Debug|x64.Build.0 = Debug|Any CPU
		{2BBAEFD2-28D3-41D5-95BE-2462C5129B7B}.Debug|x86.ActiveCfg = Debug|Any CPU
		{2BBAEFD2-28D3-41D5-95BE-2462C5129B7B}.Debug|x86.Build.0 = Debug|Any CPU
		{2BBAEFD2-28D3-41D5-95BE-2462C5129B7B}.Release|Any CPU.ActiveCfg = Release|Any CPU
		{2BBAEFD2-28D3-41D5-95BE-2462C5129B7B}.Release|Any CPU.Build.0 = Release|Any CPU
		{2BBAEFD2-28D3-41D5-95BE-2462C5129B7B}.Release|x64.ActiveCfg = Release|Any CPU
		{2BBAEFD2-28D3-41D5-95BE-2462C5129B7B}.Release|x64.Build.0 = Release|Any CPU
		{2BBAEFD2-28D3-41D5-95BE-2462C5129B7B}.Release|x86.ActiveCfg = Release|Any CPU
		{2BBAEFD2-28D3-41D5-95BE-2462C5129B7B}.Release|x86.Build.0 = Release|Any CPU
		{E8F3A721-9B4D-4E8A-A5C3-6F2D1E7B8A90}.Debug|Any CPU.ActiveCfg = Debug|Any CPU
		{E8F3A721-9B4D-4E8A-A5C3-6F2D1E7B8A90}.Debug|Any CPU.Build.0 = Debug|Any CPU
		{E8F3A721-9B4D-4E8A-A5C3-6F2D1E7B8A90}.Debug|x64.ActiveCfg = Debug|Any CPU
		{E8F3A721-9B4D-4E8A-A5C3-6F2D1E7B8A90}.Debug|x64.Build.0 = Debug|Any CPU
		{E8F3A721-9B4D-4E8A-A5C3-6F2D1E7B8A90}.Debug|x86.ActiveCfg = Debug|Any CPU
		{E8F3A721-9B4D-4E8A-A5C3-6F2D1E7B8A90}.Debug|x86.Build.0 = Debug|Any CPU
		{E8F3A721-9B4D-4E8A-A5C3-6F2D1E7B8A90}.Release|Any CPU.ActiveCfg = Release|Any CPU
		{E8F3A721-9B4D-4E8A-A5C3-6F2D1E7B8A90}.Release|Any CPU.Build.0 = Release|Any CPU
		{E8F3A721-9B4D-4E8A-A5C3-6F2D1E7B8A90}.Release|x64.ActiveCfg = Release|Any CPU
		{E8F3A721-9B4D-4E8A-A5C3-6F2D1E7B8A90}.Release|x64.Build.0 = Release|Any CPU
		{E8F3A721-9B4D-4E8A-A5C3-6F2D1E7B8A90}.Release|x86.ActiveCfg = Release|Any CPU
		{E8F3A721-9B4D-4E8A-A5C3-6F2D1E7B8A90}.Release|x86.Build.0 = Release|Any CPU
	EndGlobalSection
	GlobalSection(SolutionProperties) = preSolution
		HideSolutionNode = FALSE
	EndGlobalSection
	GlobalSection(NestedProjects) = preSolution
		{C8E42992-5E42-0C2B-DBFE-AA848D06431C} = {827E0CD3-B72D-47B6-A68D-7590B98EB39B}
		{0521CF0D-A3C4-462E-9499-EB69A38307C8} = {C8E42992-5E42-0C2B-DBFE-AA848D06431C}
		{984BB9B3-3FA3-BE33-9484-CAC21695A33C} = {827E0CD3-B72D-47B6-A68D-7590B98EB39B}
		{4B9FDF36-E0F4-4977-A577-E5B5458D2811} = {984BB9B3-3FA3-BE33-9484-CAC21695A33C}
		{A074D388-1DD4-4C6F-AAEB-B013662AD968} = {984BB9B3-3FA3-BE33-9484-CAC21695A33C}
		{0B570B5B-C335-414F-A819-B28908EB6ED0} = {984BB9B3-3FA3-BE33-9484-CAC21695A33C}
		{94AC76DB-6DE0-4FA3-9706-78026BC56F59} = {984BB9B3-3FA3-BE33-9484-CAC21695A33C}
		{58A44159-A7B6-4D33-B704-02F78FC998CF} = {984BB9B3-3FA3-BE33-9484-CAC21695A33C}
		{2BBAEFD2-28D3-41D5-95BE-2462C5129B7B} = {984BB9B3-3FA3-BE33-9484-CAC21695A33C}
		{E8F3A721-9B4D-4E8A-A5C3-6F2D1E7B8A90} = {984BB9B3-3FA3-BE33-9484-CAC21695A33C}
	EndGlobalSection
EndGlobal
